
Microsoft Visual Studio Solution File, Format Version 12.00
# Visual Studio Version 17
VisualStudioVersion = 17.12.35410.144
MinimumVisualStudioVersion = 10.0.40219.1
Project("{2150E333-8FDC-42A3-9474-1A3956D46DE8}") = "Adapters", "Adapters", "{2FB4C4D5-D667-4149-A496-A4446EFA980F}"
EndProject
Project("{2150E333-8FDC-42A3-9474-1A3956D46DE8}") = "Drivers", "Drivers", "{52A357B9-5288-4290-A15A-0DDF6A53413F}"
EndProject
Project("{2150E333-8FDC-42A3-9474-1A3956D46DE8}") = "WebApi", "WebApi", "{513A5940-5C20-421B-8987-BE0788758C81}"
EndProject
Project("{FAE04EC0-301F-11D3-BF4B-00C04F79EFBC}") = "Ambev.Prototypes.WebApi", "Ambev.Prototypes.WebApi\Ambev.Prototypes.WebApi.csproj", "{C9875BA5-9F10-42E6-9DA2-E9E86B9363BA}"
EndProject
Project("{2150E333-8FDC-42A3-9474-1A3956D46DE8}") = "Core", "Core", "{79A46C7E-3CE0-48CF-9AFA-310F009707DA}"
EndProject
Project("{2150E333-8FDC-42A3-9474-1A3956D46DE8}") = "Domain", "Domain", "{4F4716CF-9530-46BF-AA30-BC2B59B96AFD}"
EndProject
Project("{FAE04EC0-301F-11D3-BF4B-00C04F79EFBC}") = "Ambev.Prototypes.Domain", "Ambev.Prototypes.Domain\Ambev.Prototypes.Domain.csproj", "{92973D4A-C807-4C1D-8F12-F0DD26E8CF64}"
EndProject
Project("{2150E333-8FDC-42A3-9474-1A3956D46DE8}") = "Driven", "Driven", "{D3A369C1-DC96-46AA-AB09-0B62BA95200A}"
EndProject
Project("{2150E333-8FDC-42A3-9474-1A3956D46DE8}") = "Infrastructure", "Infrastructure", "{A9A0B666-B8C8-4E95-A748-CBC4AFFA8F45}"
EndProject
Project("{FAE04EC0-301F-11D3-BF4B-00C04F79EFBC}") = "Ambev.Prototypes.Infra", "Ambev.Prototypes.Infra\Ambev.Prototypes.Infra.csproj", "{BD82E023-E612-4945-A5AD-F4EA50C59ED4}"
EndProject
Global
	GlobalSection(SolutionConfigurationPlatforms) = preSolution
		Debug|Any CPU = Debug|Any CPU
		Release|Any CPU = Release|Any CPU
	EndGlobalSection
	GlobalSection(ProjectConfigurationPlatforms) = postSolution
		{C9875BA5-9F10-42E6-9DA2-E9E86B9363BA}.Debug|Any CPU.ActiveCfg = Debug|Any CPU
		{C9875BA5-9F10-42E6-9DA2-E9E86B9363BA}.Debug|Any CPU.Build.0 = Debug|Any CPU
		{C9875BA5-9F10-42E6-9DA2-E9E86B9363BA}.Release|Any CPU.ActiveCfg = Release|Any CPU
		{C9875BA5-9F10-42E6-9DA2-E9E86B9363BA}.Release|Any CPU.Build.0 = Release|Any CPU
		{92973D4A-C807-4C1D-8F12-F0DD26E8CF64}.Debug|Any CPU.ActiveCfg = Debug|Any CPU
		{92973D4A-C807-4C1D-8F12-F0DD26E8CF64}.Debug|Any CPU.Build.0 = Debug|Any CPU
		{92973D4A-C807-4C1D-8F12-F0DD26E8CF64}.Release|Any CPU.ActiveCfg = Release|Any CPU
		{92973D4A-C807-4C1D-8F12-F0DD26E8CF64}.Release|Any CPU.Build.0 = Release|Any CPU
		{BD82E023-E612-4945-A5AD-F4EA50C59ED4}.Debug|Any CPU.ActiveCfg = Debug|Any CPU
		{BD82E023-E612-4945-A5AD-F4EA50C59ED4}.Debug|Any CPU.Build.0 = Debug|Any CPU
		{BD82E023-E612-4945-A5AD-F4EA50C59ED4}.Release|Any CPU.ActiveCfg = Release|Any CPU
		{BD82E023-E612-4945-A5AD-F4EA50C59ED4}.Release|Any CPU.Build.0 = Release|Any CPU
	EndGlobalSection
	GlobalSection(SolutionProperties) = preSolution
		HideSolutionNode = FALSE
	EndGlobalSection
	GlobalSection(NestedProjects) = preSolution
		{52A357B9-5288-4290-A15A-0DDF6A53413F} = {2FB4C4D5-D667-4149-A496-A4446EFA980F}
		{513A5940-5C20-421B-8987-BE0788758C81} = {52A357B9-5288-4290-A15A-0DDF6A53413F}
		{C9875BA5-9F10-42E6-9DA2-E9E86B9363BA} = {513A5940-5C20-421B-8987-BE0788758C81}
		{4F4716CF-9530-46BF-AA30-BC2B59B96AFD} = {79A46C7E-3CE0-48CF-9AFA-310F009707DA}
		{92973D4A-C807-4C1D-8F12-F0DD26E8CF64} = {4F4716CF-9530-46BF-AA30-BC2B59B96AFD}
		{D3A369C1-DC96-46AA-AB09-0B62BA95200A} = {2FB4C4D5-D667-4149-A496-A4446EFA980F}
		{A9A0B666-B8C8-4E95-A748-CBC4AFFA8F45} = {D3A369C1-DC96-46AA-AB09-0B62BA95200A}
		{BD82E023-E612-4945-A5AD-F4EA50C59ED4} = {A9A0B666-B8C8-4E95-A748-CBC4AFFA8F45}
	EndGlobalSection
EndGlobal
